
Microsoft Visual Studio Solution File, Format Version 12.00
# Visual Studio Version 16
VisualStudioVersion = 16.0.32630.194
MinimumVisualStudioVersion = 10.0.40219.1
Project("{FAE04EC0-301F-11D3-BF4B-00C04F79EFBC}") = "WebAPI_Empty", "WebAPI_Empty\WebAPI_Empty.csproj", "{CD2768AF-AE1A-48B1-A388-0E187F1BC120}"
EndProject
Global
	GlobalSection(SolutionConfigurationPlatforms) = preSolution
		Debug|Any CPU = Debug|Any CPU
		Release|Any CPU = Release|Any CPU
	EndGlobalSection
	GlobalSection(ProjectConfigurationPlatforms) = postSolution
		{CD2768AF-AE1A-48B1-A388-0E187F1BC120}.Debug|Any CPU.ActiveCfg = Debug|Any CPU
		{CD2768AF-AE1A-48B1-A388-0E187F1BC120}.Debug|Any CPU.Build.0 = Debug|Any CPU
		{CD2768AF-AE1A-48B1-A388-0E187F1BC120}.Release|Any CPU.ActiveCfg = Release|Any CPU
		{CD2768AF-AE1A-48B1-A388-0E187F1BC120}.Release|Any CPU.Build.0 = Release|Any CPU
	EndGlobalSection
	GlobalSection(SolutionProperties) = preSolution
		HideSolutionNode = FALSE
	EndGlobalSection
	GlobalSection(ExtensibilityGlobals) = postSolution
		SolutionGuid = {AB2F9B22-ADBD-4824-AD3F-467A45ADC30F}
	EndGlobalSection
EndGlobal
