
Microsoft Visual Studio Solution File, Format Version 12.00
# Visual Studio Version 17
VisualStudioVersion = 17.2.32630.192
MinimumVisualStudioVersion = 10.0.40219.1
Project("{FAE04EC0-301F-11D3-BF4B-00C04F79EFBC}") = "TarefasApi", "TarefasApi\TarefasApi.csproj", "{1613368E-2C44-431C-A0A7-142B757804EC}"
EndProject
Global
	GlobalSection(SolutionConfigurationPlatforms) = preSolution
		Debug|Any CPU = Debug|Any CPU
		Release|Any CPU = Release|Any CPU
	EndGlobalSection
	GlobalSection(ProjectConfigurationPlatforms) = postSolution
		{1613368E-2C44-431C-A0A7-142B757804EC}.Debug|Any CPU.ActiveCfg = Debug|Any CPU
		{1613368E-2C44-431C-A0A7-142B757804EC}.Debug|Any CPU.Build.0 = Debug|Any CPU
		{1613368E-2C44-431C-A0A7-142B757804EC}.Release|Any CPU.ActiveCfg = Release|Any CPU
		{1613368E-2C44-431C-A0A7-142B757804EC}.Release|Any CPU.Build.0 = Release|Any CPU
	EndGlobalSection
	GlobalSection(SolutionProperties) = preSolution
		HideSolutionNode = FALSE
	EndGlobalSection
	GlobalSection(ExtensibilityGlobals) = postSolution
		SolutionGuid = {140E58F1-7A86-4948-AC90-6E14B9A2029F}
	EndGlobalSection
EndGlobal
