
Microsoft Visual Studio Solution File, Format Version 12.00
# Visual Studio Version 17
VisualStudioVersion = 17.2.32630.192
MinimumVisualStudioVersion = 10.0.40219.1
Project("{9A19103F-16F7-4668-BE54-9A1E7A4F7556}") = "APICatalogo", "APICatalogo\APICatalogo.csproj", "{82D707C6-8156-4882-AAEB-36B8B2F899A1}"
EndProject
Project("{FAE04EC0-301F-11D3-BF4B-00C04F79EFBC}") = "APICatalogoxUnitTests", "APICatalogoxUnitTests\APICatalogoxUnitTests.csproj", "{FDCC6E15-A9F6-4654-956B-BB1E726B20F2}"
EndProject
Global
	GlobalSection(SolutionConfigurationPlatforms) = preSolution
		Debug|Any CPU = Debug|Any CPU
		Release|Any CPU = Release|Any CPU
	EndGlobalSection
	GlobalSection(ProjectConfigurationPlatforms) = postSolution
		{82D707C6-8156-4882-AAEB-36B8B2F899A1}.Debug|Any CPU.ActiveCfg = Debug|Any CPU
		{82D707C6-8156-4882-AAEB-36B8B2F899A1}.Debug|Any CPU.Build.0 = Debug|Any CPU
		{82D707C6-8156-4882-AAEB-36B8B2F899A1}.Release|Any CPU.ActiveCfg = Release|Any CPU
		{82D707C6-8156-4882-AAEB-36B8B2F899A1}.Release|Any CPU.Build.0 = Release|Any CPU
		{FDCC6E15-A9F6-4654-956B-BB1E726B20F2}.Debug|Any CPU.ActiveCfg = Debug|Any CPU
		{FDCC6E15-A9F6-4654-956B-BB1E726B20F2}.Debug|Any CPU.Build.0 = Debug|Any CPU
		{FDCC6E15-A9F6-4654-956B-BB1E726B20F2}.Release|Any CPU.ActiveCfg = Release|Any CPU
		{FDCC6E15-A9F6-4654-956B-BB1E726B20F2}.Release|Any CPU.Build.0 = Release|Any CPU
	EndGlobalSection
	GlobalSection(SolutionProperties) = preSolution
		HideSolutionNode = FALSE
	EndGlobalSection
	GlobalSection(ExtensibilityGlobals) = postSolution
		SolutionGuid = {080EC418-5EA6-46A0-86F1-6373FC8D1633}
	EndGlobalSection
EndGlobal
