
Microsoft Visual Studio Solution File, Format Version 12.00
# Visual Studio Version 16
VisualStudioVersion = 16.0.32630.194
MinimumVisualStudioVersion = 10.0.40219.1
Project("{FAE04EC0-301F-11D3-BF4B-00C04F79EFBC}") = "WebAPI_Demo", "WebAPI_Demo\WebAPI_Demo.csproj", "{853F69A6-E791-4EB9-B428-9ED40F82BFC9}"
EndProject
Global
	GlobalSection(SolutionConfigurationPlatforms) = preSolution
		Debug|Any CPU = Debug|Any CPU
		Release|Any CPU = Release|Any CPU
	EndGlobalSection
	GlobalSection(ProjectConfigurationPlatforms) = postSolution
		{853F69A6-E791-4EB9-B428-9ED40F82BFC9}.Debug|Any CPU.ActiveCfg = Debug|Any CPU
		{853F69A6-E791-4EB9-B428-9ED40F82BFC9}.Debug|Any CPU.Build.0 = Debug|Any CPU
		{853F69A6-E791-4EB9-B428-9ED40F82BFC9}.Release|Any CPU.ActiveCfg = Release|Any CPU
		{853F69A6-E791-4EB9-B428-9ED40F82BFC9}.Release|Any CPU.Build.0 = Release|Any CPU
	EndGlobalSection
	GlobalSection(SolutionProperties) = preSolution
		HideSolutionNode = FALSE
	EndGlobalSection
	GlobalSection(ExtensibilityGlobals) = postSolution
		SolutionGuid = {88D5E69D-3BA7-4544-B3B5-F2B6EE49379C}
	EndGlobalSection
EndGlobal
